// !$*UTF8*$!
{
	archiveVersion = 1;
	classes = {
	};
	objectVersion = 46;
	objects = {

/* Begin PBXBuildFile section */
		A8EDBC0C16CAF56F00396FC0 /* UIKit.framework in Frameworks */ = {isa = PBXBuildFile; fileRef = A8EDBC0B16CAF56F00396FC0 /* UIKit.framework */; };
		A8EDBC0E16CAF56F00396FC0 /* Foundation.framework in Frameworks */ = {isa = PBXBuildFile; fileRef = A8EDBC0D16CAF56F00396FC0 /* Foundation.framework */; };
		A8EDBC1016CAF56F00396FC0 /* CoreGraphics.framework in Frameworks */ = {isa = PBXBuildFile; fileRef = A8EDBC0F16CAF56F00396FC0 /* CoreGraphics.framework */; };
		A8EDBC1616CAF57000396FC0 /* InfoPlist.strings in Resources */ = {isa = PBXBuildFile; fileRef = A8EDBC1416CAF57000396FC0 /* InfoPlist.strings */; };
		A8EDBC1816CAF57000396FC0 /* main.m in Sources */ = {isa = PBXBuildFile; fileRef = A8EDBC1716CAF57000396FC0 /* main.m */; };
		A8EDBC1C16CAF57000396FC0 /* AppDelegate.m in Sources */ = {isa = PBXBuildFile; fileRef = A8EDBC1B16CAF57000396FC0 /* AppDelegate.m */; };
		A8EDBC1E16CAF57000396FC0 /* Default.png in Resources */ = {isa = PBXBuildFile; fileRef = A8EDBC1D16CAF57000396FC0 /* Default.png */; };
		A8EDBC2016CAF57000396FC0 /* Default@2x.png in Resources */ = {isa = PBXBuildFile; fileRef = A8EDBC1F16CAF57000396FC0 /* Default@2x.png */; };
		A8EDBC2216CAF57000396FC0 /* Default-568h@2x.png in Resources */ = {isa = PBXBuildFile; fileRef = A8EDBC2116CAF57000396FC0 /* Default-568h@2x.png */; };
		A8EDBC2516CAF57000396FC0 /* MainStoryboard.storyboard in Resources */ = {isa = PBXBuildFile; fileRef = A8EDBC2316CAF57000396FC0 /* MainStoryboard.storyboard */; };
		A8EDBC2816CAF57000396FC0 /* ViewController.m in Sources */ = {isa = PBXBuildFile; fileRef = A8EDBC2716CAF57000396FC0 /* ViewController.m */; };
		A8EDBC2F16CAF58800396FC0 /* OpenGLES.framework in Frameworks */ = {isa = PBXBuildFile; fileRef = A8EDBC2E16CAF58800396FC0 /* OpenGLES.framework */; };
		A8EDBC3116CAF59500396FC0 /* QuartzCore.framework in Frameworks */ = {isa = PBXBuildFile; fileRef = A8EDBC3016CAF59500396FC0 /* QuartzCore.framework */; };
		A8EDBC3316CAF5A400396FC0 /* GLKit.framework in Frameworks */ = {isa = PBXBuildFile; fileRef = A8EDBC3216CAF5A400396FC0 /* GLKit.framework */; };
		A8EDBC3516CAF60700396FC0 /* texture.jpg in Resources */ = {isa = PBXBuildFile; fileRef = A8EDBC3416CAF60700396FC0 /* texture.jpg */; };
		A8EDBC3A16CAF64100396FC0 /* AGLKContext.m in Sources */ = {isa = PBXBuildFile; fileRef = A8EDBC3716CAF64100396FC0 /* AGLKContext.m */; };
		A8EDBC3B16CAF64100396FC0 /* AGLKVertexAttribArrayBuffer.m in Sources */ = {isa = PBXBuildFile; fileRef = A8EDBC3916CAF64100396FC0 /* AGLKVertexAttribArrayBuffer.m */; };
		A8EDBC3E16CAFE7400396FC0 /* RomboViewController.m in Sources */ = {isa = PBXBuildFile; fileRef = A8EDBC3D16CAFE7400396FC0 /* RomboViewController.m */; };
		A8EDBC4116CAFE8800396FC0 /* CirculoViewController.m in Sources */ = {isa = PBXBuildFile; fileRef = A8EDBC4016CAFE8800396FC0 /* CirculoViewController.m */; };
/* End PBXBuildFile section */

/* Begin PBXFileReference section */
		A8EDBC0816CAF56F00396FC0 /* OpenGLES_Texture1.app */ = {isa = PBXFileReference; explicitFileType = wrapper.application; includeInIndex = 0; path = OpenGLES_Texture1.app; sourceTree = BUILT_PRODUCTS_DIR; };
		A8EDBC0B16CAF56F00396FC0 /* UIKit.framework */ = {isa = PBXFileReference; lastKnownFileType = wrapper.framework; name = UIKit.framework; path = System/Library/Frameworks/UIKit.framework; sourceTree = SDKROOT; };
		A8EDBC0D16CAF56F00396FC0 /* Foundation.framework */ = {isa = PBXFileReference; lastKnownFileType = wrapper.framework; name = Foundation.framework; path = System/Library/Frameworks/Foundation.framework; sourceTree = SDKROOT; };
		A8EDBC0F16CAF56F00396FC0 /* CoreGraphics.framework */ = {isa = PBXFileReference; lastKnownFileType = wrapper.framework; name = CoreGraphics.framework; path = System/Library/Frameworks/CoreGraphics.framework; sourceTree = SDKROOT; };
		A8EDBC1316CAF57000396FC0 /* OpenGLES_Texture1-Info.plist */ = {isa = PBXFileReference; lastKnownFileType = text.plist.xml; path = "OpenGLES_Texture1-Info.plist"; sourceTree = "<group>"; };
		A8EDBC1516CAF57000396FC0 /* en */ = {isa = PBXFileReference; lastKnownFileType = text.plist.strings; name = en; path = en.lproj/InfoPlist.strings; sourceTree = "<group>"; };
		A8EDBC1716CAF57000396FC0 /* main.m */ = {isa = PBXFileReference; lastKnownFileType = sourcecode.c.objc; path = main.m; sourceTree = "<group>"; };
		A8EDBC1916CAF57000396FC0 /* OpenGLES_Texture1-Prefix.pch */ = {isa = PBXFileReference; lastKnownFileType = sourcecode.c.h; path = "OpenGLES_Texture1-Prefix.pch"; sourceTree = "<group>"; };
		A8EDBC1A16CAF57000396FC0 /* AppDelegate.h */ = {isa = PBXFileReference; lastKnownFileType = sourcecode.c.h; path = AppDelegate.h; sourceTree = "<group>"; };
		A8EDBC1B16CAF57000396FC0 /* AppDelegate.m */ = {isa = PBXFileReference; lastKnownFileType = sourcecode.c.objc; path = AppDelegate.m; sourceTree = "<group>"; };
		A8EDBC1D16CAF57000396FC0 /* Default.png */ = {isa = PBXFileReference; lastKnownFileType = image.png; path = Default.png; sourceTree = "<group>"; };
		A8EDBC1F16CAF57000396FC0 /* Default@2x.png */ = {isa = PBXFileReference; lastKnownFileType = image.png; path = "Default@2x.png"; sourceTree = "<group>"; };
		A8EDBC2116CAF57000396FC0 /* Default-568h@2x.png */ = {isa = PBXFileReference; lastKnownFileType = image.png; path = "Default-568h@2x.png"; sourceTree = "<group>"; };
		A8EDBC2416CAF57000396FC0 /* en */ = {isa = PBXFileReference; lastKnownFileType = file.storyboard; name = en; path = en.lproj/MainStoryboard.storyboard; sourceTree = "<group>"; };
		A8EDBC2616CAF57000396FC0 /* ViewController.h */ = {isa = PBXFileReference; lastKnownFileType = sourcecode.c.h; path = ViewController.h; sourceTree = "<group>"; };
		A8EDBC2716CAF57000396FC0 /* ViewController.m */ = {isa = PBXFileReference; lastKnownFileType = sourcecode.c.objc; path = ViewController.m; sourceTree = "<group>"; };
		A8EDBC2E16CAF58800396FC0 /* OpenGLES.framework */ = {isa = PBXFileReference; lastKnownFileType = wrapper.framework; name = OpenGLES.framework; path = System/Library/Frameworks/OpenGLES.framework; sourceTree = SDKROOT; };
		A8EDBC3016CAF59500396FC0 /* QuartzCore.framework */ = {isa = PBXFileReference; lastKnownFileType = wrapper.framework; name = QuartzCore.framework; path = System/Library/Frameworks/QuartzCore.framework; sourceTree = SDKROOT; };
		A8EDBC3216CAF5A400396FC0 /* GLKit.framework */ = {isa = PBXFileReference; lastKnownFileType = wrapper.framework; name = GLKit.framework; path = System/Library/Frameworks/GLKit.framework; sourceTree = SDKROOT; };
		A8EDBC3416CAF60700396FC0 /* texture.jpg */ = {isa = PBXFileReference; lastKnownFileType = image.jpeg; path = texture.jpg; sourceTree = "<group>"; };
		A8EDBC3616CAF64100396FC0 /* AGLKContext.h */ = {isa = PBXFileReference; fileEncoding = 4; lastKnownFileType = sourcecode.c.h; path = AGLKContext.h; sourceTree = "<group>"; };
		A8EDBC3716CAF64100396FC0 /* AGLKContext.m */ = {isa = PBXFileReference; fileEncoding = 4; lastKnownFileType = sourcecode.c.objc; path = AGLKContext.m; sourceTree = "<group>"; };
		A8EDBC3816CAF64100396FC0 /* AGLKVertexAttribArrayBuffer.h */ = {isa = PBXFileReference; fileEncoding = 4; lastKnownFileType = sourcecode.c.h; path = AGLKVertexAttribArrayBuffer.h; sourceTree = "<group>"; };
		A8EDBC3916CAF64100396FC0 /* AGLKVertexAttribArrayBuffer.m */ = {isa = PBXFileReference; fileEncoding = 4; lastKnownFileType = sourcecode.c.objc; path = AGLKVertexAttribArrayBuffer.m; sourceTree = "<group>"; };
		A8EDBC3C16CAFE7400396FC0 /* RomboViewController.h */ = {isa = PBXFileReference; fileEncoding = 4; lastKnownFileType = sourcecode.c.h; path = RomboViewController.h; sourceTree = "<group>"; };
		A8EDBC3D16CAFE7400396FC0 /* RomboViewController.m */ = {isa = PBXFileReference; fileEncoding = 4; lastKnownFileType = sourcecode.c.objc; path = RomboViewController.m; sourceTree = "<group>"; };
		A8EDBC3F16CAFE8800396FC0 /* CirculoViewController.h */ = {isa = PBXFileReference; fileEncoding = 4; lastKnownFileType = sourcecode.c.h; path = CirculoViewController.h; sourceTree = "<group>"; };
		A8EDBC4016CAFE8800396FC0 /* CirculoViewController.m */ = {isa = PBXFileReference; fileEncoding = 4; lastKnownFileType = sourcecode.c.objc; path = CirculoViewController.m; sourceTree = "<group>"; };
/* End PBXFileReference section */

/* Begin PBXFrameworksBuildPhase section */
		A8EDBC0516CAF56F00396FC0 /* Frameworks */ = {
			isa = PBXFrameworksBuildPhase;
			buildActionMask = 2147483647;
			files = (
				A8EDBC3316CAF5A400396FC0 /* GLKit.framework in Frameworks */,
				A8EDBC3116CAF59500396FC0 /* QuartzCore.framework in Frameworks */,
				A8EDBC2F16CAF58800396FC0 /* OpenGLES.framework in Frameworks */,
				A8EDBC0C16CAF56F00396FC0 /* UIKit.framework in Frameworks */,
				A8EDBC0E16CAF56F00396FC0 /* Foundation.framework in Frameworks */,
				A8EDBC1016CAF56F00396FC0 /* CoreGraphics.framework in Frameworks */,
			);
			runOnlyForDeploymentPostprocessing = 0;
		};
/* End PBXFrameworksBuildPhase section */

/* Begin PBXGroup section */
		A8EDBBFF16CAF56F00396FC0 = {
			isa = PBXGroup;
			children = (
				A8EDBC1116CAF56F00396FC0 /* OpenGLES_Texture1 */,
				A8EDBC1216CAF57000396FC0 /* Supporting Files */,
				A8EDBC0A16CAF56F00396FC0 /* Frameworks */,
				A8EDBC0916CAF56F00396FC0 /* Products */,
			);
			sourceTree = "<group>";
		};
		A8EDBC0916CAF56F00396FC0 /* Products */ = {
			isa = PBXGroup;
			children = (
				A8EDBC0816CAF56F00396FC0 /* OpenGLES_Texture1.app */,
			);
			name = Products;
			sourceTree = "<group>";
		};
		A8EDBC0A16CAF56F00396FC0 /* Frameworks */ = {
			isa = PBXGroup;
			children = (
				A8EDBC3216CAF5A400396FC0 /* GLKit.framework */,
				A8EDBC3016CAF59500396FC0 /* QuartzCore.framework */,
				A8EDBC2E16CAF58800396FC0 /* OpenGLES.framework */,
				A8EDBC0B16CAF56F00396FC0 /* UIKit.framework */,
				A8EDBC0D16CAF56F00396FC0 /* Foundation.framework */,
				A8EDBC0F16CAF56F00396FC0 /* CoreGraphics.framework */,
			);
			name = Frameworks;
			sourceTree = "<group>";
		};
		A8EDBC1116CAF56F00396FC0 /* OpenGLES_Texture1 */ = {
			isa = PBXGroup;
			children = (
				A8EDBC3616CAF64100396FC0 /* AGLKContext.h */,
				A8EDBC3716CAF64100396FC0 /* AGLKContext.m */,
				A8EDBC3816CAF64100396FC0 /* AGLKVertexAttribArrayBuffer.h */,
				A8EDBC3916CAF64100396FC0 /* AGLKVertexAttribArrayBuffer.m */,
				A8EDBC3416CAF60700396FC0 /* texture.jpg */,
				A8EDBC1A16CAF57000396FC0 /* AppDelegate.h */,
				A8EDBC1B16CAF57000396FC0 /* AppDelegate.m */,
				A8EDBC2316CAF57000396FC0 /* MainStoryboard.storyboard */,
				A8EDBC2616CAF57000396FC0 /* ViewController.h */,
				A8EDBC2716CAF57000396FC0 /* ViewController.m */,
				A8EDBC3C16CAFE7400396FC0 /* RomboViewController.h */,
				A8EDBC3D16CAFE7400396FC0 /* RomboViewController.m */,
				A8EDBC3F16CAFE8800396FC0 /* CirculoViewController.h */,
				A8EDBC4016CAFE8800396FC0 /* CirculoViewController.m */,
			);
			path = OpenGLES_Texture1;
			sourceTree = "<group>";
		};
		A8EDBC1216CAF57000396FC0 /* Supporting Files */ = {
			isa = PBXGroup;
			children = (
				A8EDBC1316CAF57000396FC0 /* OpenGLES_Texture1-Info.plist */,
				A8EDBC1416CAF57000396FC0 /* InfoPlist.strings */,
				A8EDBC1716CAF57000396FC0 /* main.m */,
				A8EDBC1916CAF57000396FC0 /* OpenGLES_Texture1-Prefix.pch */,
				A8EDBC1D16CAF57000396FC0 /* Default.png */,
				A8EDBC1F16CAF57000396FC0 /* Default@2x.png */,
				A8EDBC2116CAF57000396FC0 /* Default-568h@2x.png */,
			);
			name = "Supporting Files";
			path = OpenGLES_Texture1;
			sourceTree = "<group>";
		};
/* End PBXGroup section */

/* Begin PBXNativeTarget section */
		A8EDBC0716CAF56F00396FC0 /* OpenGLES_Texture1 */ = {
			isa = PBXNativeTarget;
			buildConfigurationList = A8EDBC2B16CAF57000396FC0 /* Build configuration list for PBXNativeTarget "OpenGLES_Texture1" */;
			buildPhases = (
				A8EDBC0416CAF56F00396FC0 /* Sources */,
				A8EDBC0516CAF56F00396FC0 /* Frameworks */,
				A8EDBC0616CAF56F00396FC0 /* Resources */,
			);
			buildRules = (
			);
			dependencies = (
			);
			name = OpenGLES_Texture1;
			productName = OpenGLES_Texture1;
			productReference = A8EDBC0816CAF56F00396FC0 /* OpenGLES_Texture1.app */;
			productType = "com.apple.product-type.application";
		};
/* End PBXNativeTarget section */

/* Begin PBXProject section */
		A8EDBC0016CAF56F00396FC0 /* Project object */ = {
			isa = PBXProject;
			attributes = {
				LastUpgradeCheck = 0460;
				ORGANIZATIONNAME = "Antonio Trejo";
			};
			buildConfigurationList = A8EDBC0316CAF56F00396FC0 /* Build configuration list for PBXProject "OpenGLES_Texture1" */;
			compatibilityVersion = "Xcode 3.2";
			developmentRegion = English;
			hasScannedForEncodings = 0;
			knownRegions = (
				en,
			);
			mainGroup = A8EDBBFF16CAF56F00396FC0;
			productRefGroup = A8EDBC0916CAF56F00396FC0 /* Products */;
			projectDirPath = "";
			projectRoot = "";
			targets = (
				A8EDBC0716CAF56F00396FC0 /* OpenGLES_Texture1 */,
			);
		};
/* End PBXProject section */

/* Begin PBXResourcesBuildPhase section */
		A8EDBC0616CAF56F00396FC0 /* Resources */ = {
			isa = PBXResourcesBuildPhase;
			buildActionMask = 2147483647;
			files = (
				A8EDBC1616CAF57000396FC0 /* InfoPlist.strings in Resources */,
				A8EDBC1E16CAF57000396FC0 /* Default.png in Resources */,
				A8EDBC2016CAF57000396FC0 /* Default@2x.png in Resources */,
				A8EDBC2216CAF57000396FC0 /* Default-568h@2x.png in Resources */,
				A8EDBC2516CAF57000396FC0 /* MainStoryboard.storyboard in Resources */,
				A8EDBC3516CAF60700396FC0 /* texture.jpg in Resources */,
			);
			runOnlyForDeploymentPostprocessing = 0;
		};
/* End PBXResourcesBuildPhase section */

/* Begin PBXSourcesBuildPhase section */
		A8EDBC0416CAF56F00396FC0 /* Sources */ = {
			isa = PBXSourcesBuildPhase;
			buildActionMask = 2147483647;
			files = (
				A8EDBC1816CAF57000396FC0 /* main.m in Sources */,
				A8EDBC1C16CAF57000396FC0 /* AppDelegate.m in Sources */,
				A8EDBC2816CAF57000396FC0 /* ViewController.m in Sources */,
				A8EDBC3A16CAF64100396FC0 /* AGLKContext.m in Sources */,
				A8EDBC3B16CAF64100396FC0 /* AGLKVertexAttribArrayBuffer.m in Sources */,
				A8EDBC3E16CAFE7400396FC0 /* RomboViewController.m in Sources */,
				A8EDBC4116CAFE8800396FC0 /* CirculoViewController.m in Sources */,
			);
			runOnlyForDeploymentPostprocessing = 0;
		};
/* End PBXSourcesBuildPhase section */

/* Begin PBXVariantGroup section */
		A8EDBC1416CAF57000396FC0 /* InfoPlist.strings */ = {
			isa = PBXVariantGroup;
			children = (
				A8EDBC1516CAF57000396FC0 /* en */,
			);
			name = InfoPlist.strings;
			sourceTree = "<group>";
		};
		A8EDBC2316CAF57000396FC0 /* MainStoryboard.storyboard */ = {
			isa = PBXVariantGroup;
			children = (
				A8EDBC2416CAF57000396FC0 /* en */,
			);
			name = MainStoryboard.storyboard;
			sourceTree = "<group>";
		};
/* End PBXVariantGroup section */

/* Begin XCBuildConfiguration section */
		A8EDBC2916CAF57000396FC0 /* Debug */ = {
			isa = XCBuildConfiguration;
			buildSettings = {
				ALWAYS_SEARCH_USER_PATHS = NO;
				CLANG_CXX_LANGUAGE_STANDARD = "gnu++0x";
				CLANG_CXX_LIBRARY = "libc++";
				CLANG_ENABLE_OBJC_ARC = YES;
				CLANG_WARN_CONSTANT_CONVERSION = YES;
				CLANG_WARN_EMPTY_BODY = YES;
				CLANG_WARN_ENUM_CONVERSION = YES;
				CLANG_WARN_INT_CONVERSION = YES;
				CLANG_WARN__DUPLICATE_METHOD_MATCH = YES;
				"CODE_SIGN_IDENTITY[sdk=iphoneos*]" = "iPhone Developer";
				COPY_PHASE_STRIP = NO;
				GCC_C_LANGUAGE_STANDARD = gnu99;
				GCC_DYNAMIC_NO_PIC = NO;
				GCC_OPTIMIZATION_LEVEL = 0;
				GCC_PREPROCESSOR_DEFINITIONS = (
					"DEBUG=1",
					"$(inherited)",
				);
				GCC_SYMBOLS_PRIVATE_EXTERN = NO;
				GCC_WARN_ABOUT_RETURN_TYPE = YES;
				GCC_WARN_UNINITIALIZED_AUTOS = YES;
				GCC_WARN_UNUSED_VARIABLE = YES;
				IPHONEOS_DEPLOYMENT_TARGET = 6.1;
				ONLY_ACTIVE_ARCH = YES;
				SDKROOT = iphoneos;
			};
			name = Debug;
		};
		A8EDBC2A16CAF57000396FC0 /* Release */ = {
			isa = XCBuildConfiguration;
			buildSettings = {
				ALWAYS_SEARCH_USER_PATHS = NO;
				CLANG_CXX_LANGUAGE_STANDARD = "gnu++0x";
				CLANG_CXX_LIBRARY = "libc++";
				CLANG_ENABLE_OBJC_ARC = YES;
				CLANG_WARN_CONSTANT_CONVERSION = YES;
				CLANG_WARN_EMPTY_BODY = YES;
				CLANG_WARN_ENUM_CONVERSION = YES;
				CLANG_WARN_INT_CONVERSION = YES;
				CLANG_WARN__DUPLICATE_METHOD_MATCH = YES;
				"CODE_SIGN_IDENTITY[sdk=iphoneos*]" = "iPhone Developer";
				COPY_PHASE_STRIP = YES;
				GCC_C_LANGUAGE_STANDARD = gnu99;
				GCC_WARN_ABOUT_RETURN_TYPE = YES;
				GCC_WARN_UNINITIALIZED_AUTOS = YES;
				GCC_WARN_UNUSED_VARIABLE = YES;
				IPHONEOS_DEPLOYMENT_TARGET = 6.1;
				OTHER_CFLAGS = "-DNS_BLOCK_ASSERTIONS=1";
				SDKROOT = iphoneos;
				VALIDATE_PRODUCT = YES;
			};
			name = Release;
		};
		A8EDBC2C16CAF57000396FC0 /* Debug */ = {
			isa = XCBuildConfiguration;
			buildSettings = {
				GCC_PRECOMPILE_PREFIX_HEADER = YES;
				GCC_PREFIX_HEADER = "OpenGLES_Texture1/OpenGLES_Texture1-Prefix.pch";
				INFOPLIST_FILE = "OpenGLES_Texture1/OpenGLES_Texture1-Info.plist";
				PRODUCT_NAME = "$(TARGET_NAME)";
				WRAPPER_EXTENSION = app;
			};
			name = Debug;
		};
		A8EDBC2D16CAF57000396FC0 /* Release */ = {
			isa = XCBuildConfiguration;
			buildSettings = {
				GCC_PRECOMPILE_PREFIX_HEADER = YES;
				GCC_PREFIX_HEADER = "OpenGLES_Texture1/OpenGLES_Texture1-Prefix.pch";
				INFOPLIST_FILE = "OpenGLES_Texture1/OpenGLES_Texture1-Info.plist";
				PRODUCT_NAME = "$(TARGET_NAME)";
				WRAPPER_EXTENSION = app;
			};
			name = Release;
		};
/* End XCBuildConfiguration section */

/* Begin XCConfigurationList section */
		A8EDBC0316CAF56F00396FC0 /* Build configuration list for PBXProject "OpenGLES_Texture1" */ = {
			isa = XCConfigurationList;
			buildConfigurations = (
				A8EDBC2916CAF57000396FC0 /* Debug */,
				A8EDBC2A16CAF57000396FC0 /* Release */,
			);
			defaultConfigurationIsVisible = 0;
			defaultConfigurationName = Release;
		};
		A8EDBC2B16CAF57000396FC0 /* Build configuration list for PBXNativeTarget "OpenGLES_Texture1" */ = {
			isa = XCConfigurationList;
			buildConfigurations = (
				A8EDBC2C16CAF57000396FC0 /* Debug */,
				A8EDBC2D16CAF57000396FC0 /* Release */,
			);
			defaultConfigurationIsVisible = 0;
		};
/* End XCConfigurationList section */
	};
	rootObject = A8EDBC0016CAF56F00396FC0 /* Project object */;
}
